
Microsoft Visual Studio Solution File, Format Version 12.00
# Visual Studio Version 16
VisualStudioVersion = 16.0.29418.71
MinimumVisualStudioVersion = 10.0.40219.1
Project("{FAE04EC0-301F-11D3-BF4B-00C04F79EFBC}") = "ExercicioSecao9", "ExercicioSecao9\ExercicioSecao9.csproj", "{5FE74EE6-4B54-48F8-9EB1-4CCA65F796D0}"
EndProject
Global
	GlobalSection(SolutionConfigurationPlatforms) = preSolution
		Debug|Any CPU = Debug|Any CPU
		Release|Any CPU = Release|Any CPU
	EndGlobalSection
	GlobalSection(ProjectConfigurationPlatforms) = postSolution
		{5FE74EE6-4B54-48F8-9EB1-4CCA65F796D0}.Debug|Any CPU.ActiveCfg = Debug|Any CPU
		{5FE74EE6-4B54-48F8-9EB1-4CCA65F796D0}.Debug|Any CPU.Build.0 = Debug|Any CPU
		{5FE74EE6-4B54-48F8-9EB1-4CCA65F796D0}.Release|Any CPU.ActiveCfg = Release|Any CPU
		{5FE74EE6-4B54-48F8-9EB1-4CCA65F796D0}.Release|Any CPU.Build.0 = Release|Any CPU
	EndGlobalSection
	GlobalSection(SolutionProperties) = preSolution
		HideSolutionNode = FALSE
	EndGlobalSection
	GlobalSection(ExtensibilityGlobals) = postSolution
		SolutionGuid = {A321C4A1-2B6E-48B9-A067-0B645D3B1066}
	EndGlobalSection
EndGlobal
